{
  "version": 4,
  "terraform_version": "0.14.5",
  "serial": 8,
  "lineage": "0943864e-e0f5-d0a0-66e2-1be483d2049a",
  "outputs": {},
  "resources": [
    {
      "module": "module.cognito",
      "mode": "managed",
      "type": "aws_cognito_identity_provider",
      "name": "facebook",
      "provider": "provider[\"registry.terraform.io/hashicorp/aws\"]",
      "instances": [
        {
          "schema_version": 0,
          "attributes": {
            "attribute_mapping": {
              "email": "email",
              "gender": "gender",
              "given_name": "first_name",
              "name": "name",
              "picture": "picture",
              "username": "id"
            },
            "id": "us-east-1_7K6CCY4SG:Facebook",
            "idp_identifiers": [],
            "provider_details": {
              "api_version": "v6.0",
              "attributes_url": "https://graph.facebook.com/v6.0/me?fields=",
              "attributes_url_add_attributes": "true",
              "authorize_scopes": "test",
              "authorize_url": "https://www.facebook.com/v6.0/dialog/oauth",
              "client_id": "test",
              "client_secret": "test",
              "token_request_method": "GET",
              "token_url": "https://graph.facebook.com/v6.0/oauth/access_token"
            },
            "provider_name": "Facebook",
            "provider_type": "Facebook",
            "user_pool_id": "us-east-1_7K6CCY4SG"
          },
          "sensitive_attributes": [],
          "private": "bnVsbA==",
          "dependencies": [
            "module.cognito.aws_cognito_user_pool.cognito_user_pool"
          ]
        }
      ]
    },
    {
      "module": "module.cognito",
      "mode": "managed",
      "type": "aws_cognito_identity_provider",
      "name": "google",
      "provider": "provider[\"registry.terraform.io/hashicorp/aws\"]",
      "instances": [
        {
          "schema_version": 0,
          "attributes": {
            "attribute_mapping": {
              "email": "email",
              "gender": "genders",
              "given_name": "given_name",
              "name": "name",
              "picture": "picture",
              "username": "sub"
            },
            "id": "us-east-1_7K6CCY4SG:Google",
            "idp_identifiers": [],
            "provider_details": {
              "attributes_url": "https://people.googleapis.com/v1/people/me?personFields=",
              "attributes_url_add_attributes": "true",
              "authorize_scopes": "test",
              "authorize_url": "https://accounts.google.com/o/oauth2/v2/auth",
              "client_id": "test",
              "client_secret": "test",
              "oidc_issuer": "https://accounts.google.com",
              "token_request_method": "POST",
              "token_url": "https://www.googleapis.com/oauth2/v4/token"
            },
            "provider_name": "Google",
            "provider_type": "Google",
            "user_pool_id": "us-east-1_7K6CCY4SG"
          },
          "sensitive_attributes": [],
          "private": "bnVsbA==",
          "dependencies": [
            "module.cognito.aws_cognito_user_pool.cognito_user_pool"
          ]
        }
      ]
    },
    {
      "module": "module.cognito",
      "mode": "managed",
      "type": "aws_cognito_user_pool",
      "name": "cognito_user_pool",
      "provider": "provider[\"registry.terraform.io/hashicorp/aws\"]",
      "instances": [
        {
          "schema_version": 0,
          "attributes": {
            "account_recovery_setting": [],
            "admin_create_user_config": [
              {
                "allow_admin_create_user_only": false,
                "invite_message_template": []
              }
            ],
            "alias_attributes": null,
            "arn": "arn:aws:cognito-idp:us-east-1:708904722753:userpool/us-east-1_7K6CCY4SG",
            "auto_verified_attributes": [
              "email"
            ],
            "creation_date": "2021-03-03T13:40:42Z",
            "device_configuration": [],
            "email_configuration": [
              {
                "email_sending_account": "COGNITO_DEFAULT",
                "from_email_address": "",
                "reply_to_email_address": "",
                "source_arn": ""
              }
            ],
            "email_verification_message": null,
            "email_verification_subject": null,
            "endpoint": "cognito-idp.us-east-1.amazonaws.com/us-east-1_7K6CCY4SG",
            "id": "us-east-1_7K6CCY4SG",
            "lambda_config": [],
            "last_modified_date": "2021-03-03T13:40:42Z",
            "mfa_configuration": "OFF",
            "name": "test",
            "password_policy": [
              {
                "minimum_length": 8,
                "require_lowercase": false,
                "require_numbers": false,
                "require_symbols": false,
                "require_uppercase": false,
                "temporary_password_validity_days": 7
              }
            ],
            "schema": [
              {
                "attribute_data_type": "String",
                "developer_only_attribute": false,
                "mutable": true,
                "name": "email",
                "number_attribute_constraints": [],
                "required": true,
                "string_attribute_constraints": [
                  {
                    "max_length": "2048",
                    "min_length": "0"
                  }
                ]
              },
              {
                "attribute_data_type": "String",
                "developer_only_attribute": false,
                "mutable": true,
                "name": "name",
                "number_attribute_constraints": [],
                "required": true,
                "string_attribute_constraints": [
                  {
                    "max_length": "2048",
                    "min_length": "0"
                  }
                ]
              }
            ],
            "sms_authentication_message": null,
            "sms_configuration": [],
            "sms_verification_message": null,
            "software_token_mfa_configuration": [],
            "tags": {
              "application": "test"
            },
            "user_pool_add_ons": [],
            "username_attributes": null,
            "username_configuration": [],
            "verification_message_template": [
              {
                "default_email_option": "CONFIRM_WITH_CODE",
                "email_message": "",
                "email_message_by_link": "",
                "email_subject": "",
                "email_subject_by_link": "",
                "sms_message": ""
              }
            ]
          },
          "sensitive_attributes": [],
          "private": "bnVsbA=="
        }
      ]
    },
    {
      "module": "module.cognito",
      "mode": "managed",
      "type": "aws_cognito_user_pool_client",
      "name": "user_pool_client",
      "provider": "provider[\"registry.terraform.io/hashicorp/aws\"]",
      "instances": [
        {
          "schema_version": 0,
          "attributes": {
            "allowed_oauth_flows": [
              "code"
            ],
            "allowed_oauth_flows_user_pool_client": true,
            "allowed_oauth_scopes": [
              "aws.cognito.signin.user.admin",
              "email",
              "openid",
              "phone",
              "profile"
            ],
            "analytics_configuration": [],
            "callback_urls": [
              "http://localhost:3000"
            ],
            "client_secret": "",
            "default_redirect_uri": "",
            "explicit_auth_flows": [
              "ALLOW_CUSTOM_AUTH",
              "ALLOW_REFRESH_TOKEN_AUTH",
              "ALLOW_USER_SRP_AUTH"
            ],
            "generate_secret": null,
            "id": "14ppurpmaosk8dim78nenp5ivq",
            "logout_urls": [
              "http://localhost:3000"
            ],
            "name": "test",
            "prevent_user_existence_errors": "",
            "read_attributes": [
              "email",
              "given_name",
              "name"
            ],
            "refresh_token_validity": 30,
            "supported_identity_providers": [
              "Facebook",
              "Google"
            ],
            "user_pool_id": "us-east-1_7K6CCY4SG",
            "write_attributes": [
              "email",
              "gender",
              "given_name",
              "name",
              "picture"
            ]
          },
          "sensitive_attributes": [],
          "private": "bnVsbA==",
          "dependencies": [
            "module.cognito.aws_cognito_identity_provider.facebook",
            "module.cognito.aws_cognito_identity_provider.google",
            "module.cognito.aws_cognito_user_pool.cognito_user_pool"
          ]
        }
      ]
    },
    {
      "module": "module.cognito",
      "mode": "managed",
      "type": "aws_cognito_user_pool_domain",
      "name": "user_pool_domain",
      "provider": "provider[\"registry.terraform.io/hashicorp/aws\"]",
      "instances": [
        {
          "schema_version": 0,
          "attributes": {
            "aws_account_id": "708904722753",
            "certificate_arn": "",
            "cloudfront_distribution_arn": "d3oia8etllorh5.cloudfront.net",
            "domain": "test-123-4",
            "id": "test-123-4",
            "s3_bucket": "aws-cognito-prod-iad-assets",
            "user_pool_id": "us-east-1_7K6CCY4SG",
            "version": "20210303134325"
          },
          "sensitive_attributes": [],
          "private": "bnVsbA==",
          "dependencies": [
            "module.cognito.aws_cognito_user_pool.cognito_user_pool"
          ]
        }
      ]
    }
  ]
}
